# DO NOT EDIT MANUALLY - Managed by Fern Replay
version: "1.0"
generations:
  - commit_sha: f762302bba5f568cb765054da22d15e71b5a8ba7
    tree_hash: 6474047d0ab92c9fd8537ed6356a7a371f33002c
    timestamp: 2026-07-22T17:42:59.927Z
    cli_version: unknown
    generator_versions: {}
  - commit_sha: 404934fa1e5bf5b97826b01b0718d7043429e8f0
    tree_hash: aac740ea5b9a10ec102bd7019cab7ef6017d0e2a
    timestamp: 2026-07-22T17:43:00.246Z
    cli_version: unknown
    generator_versions:
      fernapi/fern-python-sdk: 4.29.2
current_generation: 404934fa1e5bf5b97826b01b0718d7043429e8f0
patches: []
